# versions.lock（草稿）· 395 部分 · T11 · 2026-09-30 在 395 上实测记录（T11 返修 P3-4：记发布包本身的 sha256）
# 格式：组件  版本  文件  sha256  大小(字节)  来源  许可证

[395]
llama.cpp     b11269（0.5.0-dev, commit cee37ffea, Vulkan x64）  llama-b11269-bin-win-vulkan-x64.zip  34a27c239727047adc5aed80b656b13373ff136b27d28bd898a14b7b7283695a  33093265  github.com/ggml-org/llama.cpp releases  MIT
python        3.12.14（python-build-standalone 20260929, install_only, x86_64-pc-windows-msvc）  python.tar.gz（原名 cpython-3.12.14+20260929-…-install_only.tar.gz）  28728baf30b65e263f0b25c5a85be8226e7ab0d212fbadd6a8f0f796139fa804  46425719  github.com/astral-sh/python-build-standalone releases  PSF-2.0
winsw         2.12.0  WinSW-x64.exe（发布资产本身就是这个 exe）  05b82d46ad331cc16bdc00de5c6332c1ef818df8ceefcd49c726553209b3a0da  18243033  github.com/winsw/winsw releases  MIT
ocr-model     PaddleOCR-VL-1.6  PaddleOCR-VL-1.6-GGUF.gguf         f3ae46ec885050acf4b3d31944431e1fd90d50664fb09126af4a3c050ba14ee8  935769056  hf-mirror.com/PaddlePaddle/PaddleOCR-VL-1.6-GGUF（与站点 LFS sha256 一致，2026-09-30 核）  apache-2.0
ocr-mmproj    PaddleOCR-VL-1.6  PaddleOCR-VL-1.6-GGUF-mmproj.gguf  204d757d7610d9b3faab10d506d69e5b244e32bf765e2bab2d0167e65e0a058a  881770560  同上（与站点 LFS sha256 一致）  apache-2.0
llm9b-model   Qwen3-8B Q8_0  Qwen3-8B-Q8_0.gguf                   408b955510e196121c1c375201744783b5c9a43c7956d73fc78df54c66e883d6  8709518112  hf-mirror.com/Qwen/Qwen3-8B-GGUF（与站点 LFS sha256 一致）  apache-2.0
prep395       1.0.0  line-C 3e75d67 的 prep395\ 目录（git archive）  a59e7bc6652c854ec8c1fa1d5a91ceae9d7c8d680d2df24128f45a2be43ec25c  60924  本仓库

# 装好后的启动壳（参考，非锁定对象）：llama-server.exe 9d7ec1f038329210f6be353a89752ea4a762f9defa80560d37102ccce7b09a06；python.exe 4796bc182e858e4440f638fe5dab250d6172745ddec84e41c6afbc192a3198f9

[395.pip]  # C:\prep395\python -m pip freeze
annotated-doc==0.0.5
annotated-types==0.8.0
anyio==4.15.1
certifi==2026.7.22
click==8.5.0
fastapi==0.142.1
h11==0.16.0
httpcore==1.0.9
httpx==0.28.1
idna==3.20
numpy==2.5.3
opentelemetry-api==1.45.0
pillow==12.3.0
prep395 @ file:///C:/prep395/src/prep395   # 1.0.0，见上
pydantic==2.13.5
pydantic_core==2.46.5
starlette==1.7.0
typing-inspection==0.4.4
typing_extensions==4.16.0
uvicorn==0.54.0

[mac]  # T28 macOS（Apple 芯片）载荷，packaging\mac\build.sh 按这里下载并核对；手工维护（放在 [client] 之前：gen_lock.py 只重写 [client*] 段）
# 格式：组件  版本  下载地址  sha256  许可证（sha256 均为发布方给的值：DSH lock.json、TDF 镜像 .sha256、GitHub 发布资产 digest）
python        3.12.14+20260901  https://github.com/astral-sh/python-build-standalone/releases/download/20260901/cpython-3.12.14%2B20260901-aarch64-apple-darwin-install_only_stripped.tar.gz  81a359f1cfadd4da11766534c5913791cea55f26e1bb902cacd2a531bb1e4b2b  PSF-2.0
libreoffice   26.8.0  https://download.documentfoundation.org/libreoffice/stable/26.8.0/mac/aarch64/LibreOffice_26.8.0_MacOS_aarch64.dmg  8858d8058da4f862f47559486814e65efc27294da67c5e4bb56b006b1ee59f89  MPL-2.0
pandoc        3.11  https://github.com/jgm/pandoc/releases/download/3.11/pandoc-3.11-arm64-macOS.zip  15806bedf9517bfead72e88fe6a6696635c3691efbb6e152173440e9c5bb50b4  GPL-2.0-or-later
pandoc-copying  3.11  https://raw.githubusercontent.com/jgm/pandoc/3.11/COPYING.md  3ebfbf9235b049d384cdba5a66a1a3434bb544391e720b76faa8e1b3ee61a4e5  GPL-2.0-or-later
pandoc-copyright  3.11  https://raw.githubusercontent.com/jgm/pandoc/3.11/COPYRIGHT  842e33ef01625e93f85bebb8bac83aa570186b7aa77a09971257cc29f8f60740  GPL-2.0-or-later
# Python 依赖：与 [client.pip] 同一份钉版，去掉只在 Windows 用的 pywin32、pywin32-ctypes；轮子用 macosx arm64 版，哈希记在构建日志 pip-mac-wheels.txt

[client]  # T20 步骤 5，packaging\gen_lock.py 生成；格式同上：组件  版本  文件  sha256  来源  许可证
dsh           477b4f420553e8a52c2fbccc464d7561b239c443  dsh\（子模块，补丁见 dsh-patches\PATCHES.md）  -  github.com/deepseek-ai/dsh  MIT
electron      44.0.0  -  -  npm electron  MIT
node          24.21.0  win-x64.zip  158f7685b44de51f6c0df1d153526cbcd3e1bc739a8dfc607721cef75de9e541  nodejs.org（DSH 内置运行时）  MIT
python        3.12.14（python-build-standalone 20260901, x86_64-pc-windows-msvc, install_only_stripped）  -  7c45c9622400d578709a9b2cddbe8124cc21d382409d9f13406d706d28e31b14  DSH 内置运行时（复用，见 PATCHES.md 结论记录）  PSF-2.0
invoice-ledger  3.9.4.1  engines\invoice-ledger\  -  律所提供（周海沺律师），见 CHANGELOG  作者授权
retainer      3.4.1  engines\retainer\  -  律所提供（周海沺律师）  作者授权
tokenizer     Qwen3  tokenizer.json  87a7830d63fcf43bf241c3c5242e96e62dd3fdc29224ca26fed8ea333db72de4  6000D 同款模型的分词文件（N16）  Apache-2.0
libreoffice   26.8.0.3  tools\libreoffice\program\soffice.exe  a2823391857db1dd8ebbd8234267f9ec58ec7e5b5fc434665c0ecec4671cb988  documentfoundation.org（本机现有安装拷入；正式构建以选定的发布包为准）  MPL-2.0
pandoc        3.11  tools\pandoc\pandoc.exe  8063cc4bc334a73d1400e7434a34b13ff75b3709cec5a511595630eb9a3ea098  github.com/jgm/pandoc releases（本机现有安装拷入；正式构建以选定的发布包为准）  GPL-2.0-or-later

[client.pip]  # 客户端 Python 依赖闭包（单独解压的 3.12.14，-I 运行，不用 DSH 内置运行时自带的 numpy、pandas 等）
anyio==4.15.1
attrs==26.1.0
certifi==2026.7.22
charset-normalizer==3.5.1
click==8.5.0
colorama==0.4.6
colorlog==6.12.0
et_xmlfile==2.0.0
filelock==4.0.7
flatbuffers==25.12.19
fsspec==2026.9.0
h11==0.16.0
hf-xet==1.6.0
httpcore==1.0.9
httpx==0.28.1
huggingface_hub==1.33.0
idna==3.20
jaraco.classes==3.4.0
jaraco.context==6.1.2
jaraco.functools==4.6.0
jsonschema==4.26.0
jsonschema-specifications==2025.9.1
keyring==25.7.0
lxml==6.1.3
more-itertools==11.1.0
mpmath==1.3.0
numpy==2.5.3
olefile==0.47
onnxruntime==1.24.4
opencv-python-headless==5.0.0.93
openpyxl==3.1.5
packaging==26.3
pillow==12.3.0
protobuf==7.36.2
pyclipper==1.4.0
pymupdf==1.28.2
pypdf==6.19.0
pypdfium2==5.13.0
python-docx==1.2.0
pywin32==312
pywin32-ctypes==0.2.3
PyYAML==6.0.3
referencing==0.37.0
reportlab==5.0.1
requests==2.34.2
rpds-py==2026.6.3
shapely==2.1.2
six==1.17.0
starlette==1.7.0
sympy==1.14.0
tokenizers==0.23.2
tqdm==4.70.1
typing_extensions==4.16.0
urllib3==2.8.0
uvicorn==0.54.0
